// !$*UTF8*$!
{
	archiveVersion = 1;
	classes = {
	};
	objectVersion = 51;
	objects = {

/* Begin PBXBuildFile section */
		52A8300EAF03624C02038F7A /* Pods_DatifySongBasedMatchApplicationIOS.framework in Frameworks */ = {isa = PBXBuildFile; fileRef = DEC352F9CB444A3FE4BE1BE2 /* Pods_DatifySongBasedMatchApplicationIOS.framework */; };
		F303D20424795E96007FD949 /* BlockedUsersViewController.swift in Sources */ = {isa = PBXBuildFile; fileRef = F303D20324795E96007FD949 /* BlockedUsersViewController.swift */; };
		F309B93524733B75006D1DFB /* PopUpResetPassVC.swift in Sources */ = {isa = PBXBuildFile; fileRef = F309B93424733B75006D1DFB /* PopUpResetPassVC.swift */; };
		F31DACA02471A6B20082BE4D /* AppDelegate.swift in Sources */ = {isa = PBXBuildFile; fileRef = F31DAC9F2471A6B20082BE4D /* AppDelegate.swift */; };
		F31DACA22471A6B20082BE4D /* SceneDelegate.swift in Sources */ = {isa = PBXBuildFile; fileRef = F31DACA12471A6B20082BE4D /* SceneDelegate.swift */; };
		F31DACA42471A6B20082BE4D /* ViewController.swift in Sources */ = {isa = PBXBuildFile; fileRef = F31DACA32471A6B20082BE4D /* ViewController.swift */; };
		F31DACA72471A6B20082BE4D /* Main.storyboard in Resources */ = {isa = PBXBuildFile; fileRef = F31DACA52471A6B20082BE4D /* Main.storyboard */; };
		F31DACA92471A6BB0082BE4D /* Assets.xcassets in Resources */ = {isa = PBXBuildFile; fileRef = F31DACA82471A6BB0082BE4D /* Assets.xcassets */; };
		F31DACAC2471A6BB0082BE4D /* LaunchScreen.storyboard in Resources */ = {isa = PBXBuildFile; fileRef = F31DACAA2471A6BB0082BE4D /* LaunchScreen.storyboard */; };
		F31DACB42471B6C40082BE4D /* GoogleService-Info.plist in Resources */ = {isa = PBXBuildFile; fileRef = F31DACB32471B6C30082BE4D /* GoogleService-Info.plist */; };
		F33558D4247984B300819DE2 /* PopUpIssueSendViewController.swift in Sources */ = {isa = PBXBuildFile; fileRef = F33558D3247984B300819DE2 /* PopUpIssueSendViewController.swift */; };
		F340F4402479D49700F78E84 /* BlockedUserTableViewCell.swift in Sources */ = {isa = PBXBuildFile; fileRef = F340F43F2479D49700F78E84 /* BlockedUserTableViewCell.swift */; };
		F3450A2924788AB20095F532 /* CurrentUser.swift in Sources */ = {isa = PBXBuildFile; fileRef = F3450A2824788AB20095F532 /* CurrentUser.swift */; };
		F3450A2B2478A1A60095F532 /* Issue.swift in Sources */ = {isa = PBXBuildFile; fileRef = F3450A2A2478A1A60095F532 /* Issue.swift */; };
		F37139E72471EFDF00CBF26B /* HomeViewController.swift in Sources */ = {isa = PBXBuildFile; fileRef = F37139E62471EFDF00CBF26B /* HomeViewController.swift */; };
		F3D5BFA724745B390060B3FC /* SettingsViewController.swift in Sources */ = {isa = PBXBuildFile; fileRef = F3D5BFA624745B390060B3FC /* SettingsViewController.swift */; };
		F3F5C5052472ED4800F8752B /* RegisterViewController.swift in Sources */ = {isa = PBXBuildFile; fileRef = F3F5C5042472ED4800F8752B /* RegisterViewController.swift */; };
		F3F5C5072472F3E600F8752B /* User.swift in Sources */ = {isa = PBXBuildFile; fileRef = F3F5C5062472F3E600F8752B /* User.swift */; };
		F3F5C5092472F56800F8752B /* Block.swift in Sources */ = {isa = PBXBuildFile; fileRef = F3F5C5082472F56800F8752B /* Block.swift */; };
		F3FF8388247ABBDC004DCB55 /* ChatViewController.swift in Sources */ = {isa = PBXBuildFile; fileRef = F3FF8387247ABBDC004DCB55 /* ChatViewController.swift */; };
		F3FF838A247ABCFA004DCB55 /* ChatListTableViewCell.swift in Sources */ = {isa = PBXBuildFile; fileRef = F3FF8389247ABCFA004DCB55 /* ChatListTableViewCell.swift */; };
		F3FF838C247AC8D9004DCB55 /* Chat.swift in Sources */ = {isa = PBXBuildFile; fileRef = F3FF838B247AC8D9004DCB55 /* Chat.swift */; };
		F3FF838E247AC9F3004DCB55 /* ChatMessage.swift in Sources */ = {isa = PBXBuildFile; fileRef = F3FF838D247AC9F3004DCB55 /* ChatMessage.swift */; };
/* End PBXBuildFile section */

/* Begin PBXFileReference section */
		2E5E851A5E9DECDDB2CE8640 /* Pods-DatifySongBasedMatchApplicationIOS.release.xcconfig */ = {isa = PBXFileReference; includeInIndex = 1; lastKnownFileType = text.xcconfig; name = "Pods-DatifySongBasedMatchApplicationIOS.release.xcconfig"; path = "Target Support Files/Pods-DatifySongBasedMatchApplicationIOS/Pods-DatifySongBasedMatchApplicationIOS.release.xcconfig"; sourceTree = "<group>"; };
		DEC352F9CB444A3FE4BE1BE2 /* Pods_DatifySongBasedMatchApplicationIOS.framework */ = {isa = PBXFileReference; explicitFileType = wrapper.framework; includeInIndex = 0; path = Pods_DatifySongBasedMatchApplicationIOS.framework; sourceTree = BUILT_PRODUCTS_DIR; };
		E8E481E89C20A6956C04868A /* Pods-DatifySongBasedMatchApplicationIOS.debug.xcconfig */ = {isa = PBXFileReference; includeInIndex = 1; lastKnownFileType = text.xcconfig; name = "Pods-DatifySongBasedMatchApplicationIOS.debug.xcconfig"; path = "Target Support Files/Pods-DatifySongBasedMatchApplicationIOS/Pods-DatifySongBasedMatchApplicationIOS.debug.xcconfig"; sourceTree = "<group>"; };
		F303D20324795E96007FD949 /* BlockedUsersViewController.swift */ = {isa = PBXFileReference; lastKnownFileType = sourcecode.swift; path = BlockedUsersViewController.swift; sourceTree = "<group>"; };
		F309B93424733B75006D1DFB /* PopUpResetPassVC.swift */ = {isa = PBXFileReference; lastKnownFileType = sourcecode.swift; path = PopUpResetPassVC.swift; sourceTree = "<group>"; };
		F31DAC9C2471A6B20082BE4D /* DatifySongBasedMatchApplicationIOS.app */ = {isa = PBXFileReference; explicitFileType = wrapper.application; includeInIndex = 0; path = DatifySongBasedMatchApplicationIOS.app; sourceTree = BUILT_PRODUCTS_DIR; };
		F31DAC9F2471A6B20082BE4D /* AppDelegate.swift */ = {isa = PBXFileReference; lastKnownFileType = sourcecode.swift; path = AppDelegate.swift; sourceTree = "<group>"; };
		F31DACA12471A6B20082BE4D /* SceneDelegate.swift */ = {isa = PBXFileReference; lastKnownFileType = sourcecode.swift; path = SceneDelegate.swift; sourceTree = "<group>"; };
		F31DACA32471A6B20082BE4D /* ViewController.swift */ = {isa = PBXFileReference; lastKnownFileType = sourcecode.swift; path = ViewController.swift; sourceTree = "<group>"; };
		F31DACA62471A6B20082BE4D /* Base */ = {isa = PBXFileReference; lastKnownFileType = file.storyboard; name = Base; path = Base.lproj/Main.storyboard; sourceTree = "<group>"; };
		F31DACA82471A6BB0082BE4D /* Assets.xcassets */ = {isa = PBXFileReference; lastKnownFileType = folder.assetcatalog; path = Assets.xcassets; sourceTree = "<group>"; };
		F31DACAB2471A6BB0082BE4D /* Base */ = {isa = PBXFileReference; lastKnownFileType = file.storyboard; name = Base; path = Base.lproj/LaunchScreen.storyboard; sourceTree = "<group>"; };
		F31DACAD2471A6BB0082BE4D /* Info.plist */ = {isa = PBXFileReference; lastKnownFileType = text.plist.xml; path = Info.plist; sourceTree = "<group>"; };
		F31DACB32471B6C30082BE4D /* GoogleService-Info.plist */ = {isa = PBXFileReference; fileEncoding = 4; lastKnownFileType = text.plist.xml; path = "GoogleService-Info.plist"; sourceTree = "<group>"; };
		F33558D3247984B300819DE2 /* PopUpIssueSendViewController.swift */ = {isa = PBXFileReference; lastKnownFileType = sourcecode.swift; path = PopUpIssueSendViewController.swift; sourceTree = "<group>"; };
		F340F43F2479D49700F78E84 /* BlockedUserTableViewCell.swift */ = {isa = PBXFileReference; lastKnownFileType = sourcecode.swift; path = BlockedUserTableViewCell.swift; sourceTree = "<group>"; };
		F3450A2824788AB20095F532 /* CurrentUser.swift */ = {isa = PBXFileReference; lastKnownFileType = sourcecode.swift; path = CurrentUser.swift; sourceTree = "<group>"; };
		F3450A2A2478A1A60095F532 /* Issue.swift */ = {isa = PBXFileReference; lastKnownFileType = sourcecode.swift; path = Issue.swift; sourceTree = "<group>"; };
		F37139E62471EFDF00CBF26B /* HomeViewController.swift */ = {isa = PBXFileReference; lastKnownFileType = sourcecode.swift; path = HomeViewController.swift; sourceTree = "<group>"; };
		F3D5BFA624745B390060B3FC /* SettingsViewController.swift */ = {isa = PBXFileReference; lastKnownFileType = sourcecode.swift; path = SettingsViewController.swift; sourceTree = "<group>"; };
		F3F5C5042472ED4800F8752B /* RegisterViewController.swift */ = {isa = PBXFileReference; lastKnownFileType = sourcecode.swift; path = RegisterViewController.swift; sourceTree = "<group>"; };
		F3F5C5062472F3E600F8752B /* User.swift */ = {isa = PBXFileReference; lastKnownFileType = sourcecode.swift; path = User.swift; sourceTree = "<group>"; };
		F3F5C5082472F56800F8752B /* Block.swift */ = {isa = PBXFileReference; lastKnownFileType = sourcecode.swift; path = Block.swift; sourceTree = "<group>"; };
		F3FF8387247ABBDC004DCB55 /* ChatViewController.swift */ = {isa = PBXFileReference; lastKnownFileType = sourcecode.swift; path = ChatViewController.swift; sourceTree = "<group>"; };
		F3FF8389247ABCFA004DCB55 /* ChatListTableViewCell.swift */ = {isa = PBXFileReference; lastKnownFileType = sourcecode.swift; path = ChatListTableViewCell.swift; sourceTree = "<group>"; };
		F3FF838B247AC8D9004DCB55 /* Chat.swift */ = {isa = PBXFileReference; lastKnownFileType = sourcecode.swift; path = Chat.swift; sourceTree = "<group>"; };
		F3FF838D247AC9F3004DCB55 /* ChatMessage.swift */ = {isa = PBXFileReference; lastKnownFileType = sourcecode.swift; path = ChatMessage.swift; sourceTree = "<group>"; };
/* End PBXFileReference section */

/* Begin PBXFrameworksBuildPhase section */
		F31DAC992471A6B20082BE4D /* Frameworks */ = {
			isa = PBXFrameworksBuildPhase;
			buildActionMask = 2147483647;
			files = (
				52A8300EAF03624C02038F7A /* Pods_DatifySongBasedMatchApplicationIOS.framework in Frameworks */,
			);
			runOnlyForDeploymentPostprocessing = 0;
		};
/* End PBXFrameworksBuildPhase section */

/* Begin PBXGroup section */
		56EE80AD9242EB54B278ED88 /* Frameworks */ = {
			isa = PBXGroup;
			children = (
				DEC352F9CB444A3FE4BE1BE2 /* Pods_DatifySongBasedMatchApplicationIOS.framework */,
			);
			name = Frameworks;
			sourceTree = "<group>";
		};
		EAD415159AFB043300FB7BCC /* Pods */ = {
			isa = PBXGroup;
			children = (
				E8E481E89C20A6956C04868A /* Pods-DatifySongBasedMatchApplicationIOS.debug.xcconfig */,
				2E5E851A5E9DECDDB2CE8640 /* Pods-DatifySongBasedMatchApplicationIOS.release.xcconfig */,
			);
			path = Pods;
			sourceTree = "<group>";
		};
		F31DAC932471A6B10082BE4D = {
			isa = PBXGroup;
			children = (
				F31DAC9E2471A6B20082BE4D /* DatifySongBasedMatchApplicationIOS */,
				F31DAC9D2471A6B20082BE4D /* Products */,
				EAD415159AFB043300FB7BCC /* Pods */,
				56EE80AD9242EB54B278ED88 /* Frameworks */,
			);
			sourceTree = "<group>";
		};
		F31DAC9D2471A6B20082BE4D /* Products */ = {
			isa = PBXGroup;
			children = (
				F31DAC9C2471A6B20082BE4D /* DatifySongBasedMatchApplicationIOS.app */,
			);
			name = Products;
			sourceTree = "<group>";
		};
		F31DAC9E2471A6B20082BE4D /* DatifySongBasedMatchApplicationIOS */ = {
			isa = PBXGroup;
			children = (
				F31DAC9F2471A6B20082BE4D /* AppDelegate.swift */,
				F31DACA12471A6B20082BE4D /* SceneDelegate.swift */,
				F31DACA32471A6B20082BE4D /* ViewController.swift */,
				F31DACB32471B6C30082BE4D /* GoogleService-Info.plist */,
				F31DACA52471A6B20082BE4D /* Main.storyboard */,
				F31DACA82471A6BB0082BE4D /* Assets.xcassets */,
				F31DACAA2471A6BB0082BE4D /* LaunchScreen.storyboard */,
				F31DACAD2471A6BB0082BE4D /* Info.plist */,
				F3F5C5082472F56800F8752B /* Block.swift */,
				F37139E62471EFDF00CBF26B /* HomeViewController.swift */,
				F3F5C5042472ED4800F8752B /* RegisterViewController.swift */,
				F3F5C5062472F3E600F8752B /* User.swift */,
				F309B93424733B75006D1DFB /* PopUpResetPassVC.swift */,
				F3D5BFA624745B390060B3FC /* SettingsViewController.swift */,
				F3450A2824788AB20095F532 /* CurrentUser.swift */,
				F3450A2A2478A1A60095F532 /* Issue.swift */,
				F303D20324795E96007FD949 /* BlockedUsersViewController.swift */,
				F33558D3247984B300819DE2 /* PopUpIssueSendViewController.swift */,
				F340F43F2479D49700F78E84 /* BlockedUserTableViewCell.swift */,
				F3FF8387247ABBDC004DCB55 /* ChatViewController.swift */,
				F3FF8389247ABCFA004DCB55 /* ChatListTableViewCell.swift */,
				F3FF838B247AC8D9004DCB55 /* Chat.swift */,
				F3FF838D247AC9F3004DCB55 /* ChatMessage.swift */,
			);
			path = DatifySongBasedMatchApplicationIOS;
			sourceTree = "<group>";
		};
/* End PBXGroup section */

/* Begin PBXNativeTarget section */
		F31DAC9B2471A6B20082BE4D /* DatifySongBasedMatchApplicationIOS */ = {
			isa = PBXNativeTarget;
			buildConfigurationList = F31DACB02471A6BB0082BE4D /* Build configuration list for PBXNativeTarget "DatifySongBasedMatchApplicationIOS" */;
			buildPhases = (
				305D80774F2C87637C286DD4 /* [CP] Check Pods Manifest.lock */,
				F31DAC982471A6B20082BE4D /* Sources */,
				F31DAC992471A6B20082BE4D /* Frameworks */,
				F31DAC9A2471A6B20082BE4D /* Resources */,
				55F852986686770773F69EDF /* [CP] Embed Pods Frameworks */,
			);
			buildRules = (
			);
			dependencies = (
			);
			name = DatifySongBasedMatchApplicationIOS;
			productName = DatifySongBasedMatchApplicationIOS;
			productReference = F31DAC9C2471A6B20082BE4D /* DatifySongBasedMatchApplicationIOS.app */;
			productType = "com.apple.product-type.application";
		};
/* End PBXNativeTarget section */

/* Begin PBXProject section */
		F31DAC942471A6B10082BE4D /* Project object */ = {
			isa = PBXProject;
			attributes = {
				LastSwiftUpdateCheck = 1130;
				LastUpgradeCheck = 1130;
				ORGANIZATIONNAME = janfranco;
				TargetAttributes = {
					F31DAC9B2471A6B20082BE4D = {
						CreatedOnToolsVersion = 11.3.1;
					};
				};
			};
			buildConfigurationList = F31DAC972471A6B10082BE4D /* Build configuration list for PBXProject "DatifySongBasedMatchApplicationIOS" */;
			compatibilityVersion = "Xcode 9.3";
			developmentRegion = en;
			hasScannedForEncodings = 0;
			knownRegions = (
				en,
				Base,
			);
			mainGroup = F31DAC932471A6B10082BE4D;
			productRefGroup = F31DAC9D2471A6B20082BE4D /* Products */;
			projectDirPath = "";
			projectRoot = "";
			targets = (
				F31DAC9B2471A6B20082BE4D /* DatifySongBasedMatchApplicationIOS */,
			);
		};
/* End PBXProject section */

/* Begin PBXResourcesBuildPhase section */
		F31DAC9A2471A6B20082BE4D /* Resources */ = {
			isa = PBXResourcesBuildPhase;
			buildActionMask = 2147483647;
			files = (
				F31DACAC2471A6BB0082BE4D /* LaunchScreen.storyboard in Resources */,
				F31DACB42471B6C40082BE4D /* GoogleService-Info.plist in Resources */,
				F31DACA92471A6BB0082BE4D /* Assets.xcassets in Resources */,
				F31DACA72471A6B20082BE4D /* Main.storyboard in Resources */,
			);
			runOnlyForDeploymentPostprocessing = 0;
		};
/* End PBXResourcesBuildPhase section */

/* Begin PBXShellScriptBuildPhase section */
		305D80774F2C87637C286DD4 /* [CP] Check Pods Manifest.lock */ = {
			isa = PBXShellScriptBuildPhase;
			buildActionMask = 2147483647;
			files = (
			);
			inputFileListPaths = (
			);
			inputPaths = (
				"${PODS_PODFILE_DIR_PATH}/Podfile.lock",
				"${PODS_ROOT}/Manifest.lock",
			);
			name = "[CP] Check Pods Manifest.lock";
			outputFileListPaths = (
			);
			outputPaths = (
				"$(DERIVED_FILE_DIR)/Pods-DatifySongBasedMatchApplicationIOS-checkManifestLockResult.txt",
			);
			runOnlyForDeploymentPostprocessing = 0;
			shellPath = /bin/sh;
			shellScript = "diff \"${PODS_PODFILE_DIR_PATH}/Podfile.lock\" \"${PODS_ROOT}/Manifest.lock\" > /dev/null\nif [ $? != 0 ] ; then\n    # print error to STDERR\n    echo \"error: The sandbox is not in sync with the Podfile.lock. Run 'pod install' or update your CocoaPods installation.\" >&2\n    exit 1\nfi\n# This output is used by Xcode 'outputs' to avoid re-running this script phase.\necho \"SUCCESS\" > \"${SCRIPT_OUTPUT_FILE_0}\"\n";
			showEnvVarsInLog = 0;
		};
		55F852986686770773F69EDF /* [CP] Embed Pods Frameworks */ = {
			isa = PBXShellScriptBuildPhase;
			buildActionMask = 2147483647;
			files = (
			);
			inputFileListPaths = (
				"${PODS_ROOT}/Target Support Files/Pods-DatifySongBasedMatchApplicationIOS/Pods-DatifySongBasedMatchApplicationIOS-frameworks-${CONFIGURATION}-input-files.xcfilelist",
			);
			name = "[CP] Embed Pods Frameworks";
			outputFileListPaths = (
				"${PODS_ROOT}/Target Support Files/Pods-DatifySongBasedMatchApplicationIOS/Pods-DatifySongBasedMatchApplicationIOS-frameworks-${CONFIGURATION}-output-files.xcfilelist",
			);
			runOnlyForDeploymentPostprocessing = 0;
			shellPath = /bin/sh;
			shellScript = "\"${PODS_ROOT}/Target Support Files/Pods-DatifySongBasedMatchApplicationIOS/Pods-DatifySongBasedMatchApplicationIOS-frameworks.sh\"\n";
			showEnvVarsInLog = 0;
		};
/* End PBXShellScriptBuildPhase section */

/* Begin PBXSourcesBuildPhase section */
		F31DAC982471A6B20082BE4D /* Sources */ = {
			isa = PBXSourcesBuildPhase;
			buildActionMask = 2147483647;
			files = (
				F3450A2924788AB20095F532 /* CurrentUser.swift in Sources */,
				F3450A2B2478A1A60095F532 /* Issue.swift in Sources */,
				F3FF838C247AC8D9004DCB55 /* Chat.swift in Sources */,
				F309B93524733B75006D1DFB /* PopUpResetPassVC.swift in Sources */,
				F31DACA42471A6B20082BE4D /* ViewController.swift in Sources */,
				F33558D4247984B300819DE2 /* PopUpIssueSendViewController.swift in Sources */,
				F3FF838A247ABCFA004DCB55 /* ChatListTableViewCell.swift in Sources */,
				F303D20424795E96007FD949 /* BlockedUsersViewController.swift in Sources */,
				F3F5C5092472F56800F8752B /* Block.swift in Sources */,
				F3FF838E247AC9F3004DCB55 /* ChatMessage.swift in Sources */,
				F3F5C5052472ED4800F8752B /* RegisterViewController.swift in Sources */,
				F3F5C5072472F3E600F8752B /* User.swift in Sources */,
				F31DACA02471A6B20082BE4D /* AppDelegate.swift in Sources */,
				F31DACA22471A6B20082BE4D /* SceneDelegate.swift in Sources */,
				F37139E72471EFDF00CBF26B /* HomeViewController.swift in Sources */,
				F3D5BFA724745B390060B3FC /* SettingsViewController.swift in Sources */,
				F3FF8388247ABBDC004DCB55 /* ChatViewController.swift in Sources */,
				F340F4402479D49700F78E84 /* BlockedUserTableViewCell.swift in Sources */,
			);
			runOnlyForDeploymentPostprocessing = 0;
		};
/* End PBXSourcesBuildPhase section */

/* Begin PBXVariantGroup section */
		F31DACA52471A6B20082BE4D /* Main.storyboard */ = {
			isa = PBXVariantGroup;
			children = (
				F31DACA62471A6B20082BE4D /* Base */,
			);
			name = Main.storyboard;
			sourceTree = "<group>";
		};
		F31DACAA2471A6BB0082BE4D /* LaunchScreen.storyboard */ = {
			isa = PBXVariantGroup;
			children = (
				F31DACAB2471A6BB0082BE4D /* Base */,
			);
			name = LaunchScreen.storyboard;
			sourceTree = "<group>";
		};
/* End PBXVariantGroup section */

/* Begin XCBuildConfiguration section */
		F31DACAE2471A6BB0082BE4D /* Debug */ = {
			isa = XCBuildConfiguration;
			buildSettings = {
				ALWAYS_SEARCH_USER_PATHS = NO;
				CLANG_ANALYZER_NONNULL = YES;
				CLANG_ANALYZER_NUMBER_OBJECT_CONVERSION = YES_AGGRESSIVE;
				CLANG_CXX_LANGUAGE_STANDARD = "gnu++14";
				CLANG_CXX_LIBRARY = "libc++";
				CLANG_ENABLE_MODULES = YES;
				CLANG_ENABLE_OBJC_ARC = YES;
				CLANG_ENABLE_OBJC_WEAK = YES;
				CLANG_WARN_BLOCK_CAPTURE_AUTORELEASING = YES;
				CLANG_WARN_BOOL_CONVERSION = YES;
				CLANG_WARN_COMMA = YES;
				CLANG_WARN_CONSTANT_CONVERSION = YES;
				CLANG_WARN_DEPRECATED_OBJC_IMPLEMENTATIONS = YES;
				CLANG_WARN_DIRECT_OBJC_ISA_USAGE = YES_ERROR;
				CLANG_WARN_DOCUMENTATION_COMMENTS = YES;
				CLANG_WARN_EMPTY_BODY = YES;
				CLANG_WARN_ENUM_CONVERSION = YES;
				CLANG_WARN_INFINITE_RECURSION = YES;
				CLANG_WARN_INT_CONVERSION = YES;
				CLANG_WARN_NON_LITERAL_NULL_CONVERSION = YES;
				CLANG_WARN_OBJC_IMPLICIT_RETAIN_SELF = YES;
				CLANG_WARN_OBJC_LITERAL_CONVERSION = YES;
				CLANG_WARN_OBJC_ROOT_CLASS = YES_ERROR;
				CLANG_WARN_RANGE_LOOP_ANALYSIS = YES;
				CLANG_WARN_STRICT_PROTOTYPES = YES;
				CLANG_WARN_SUSPICIOUS_MOVE = YES;
				CLANG_WARN_UNGUARDED_AVAILABILITY = YES_AGGRESSIVE;
				CLANG_WARN_UNREACHABLE_CODE = YES;
				CLANG_WARN__DUPLICATE_METHOD_MATCH = YES;
				COPY_PHASE_STRIP = NO;
				DEBUG_INFORMATION_FORMAT = dwarf;
				ENABLE_STRICT_OBJC_MSGSEND = YES;
				ENABLE_TESTABILITY = YES;
				GCC_C_LANGUAGE_STANDARD = gnu11;
				GCC_DYNAMIC_NO_PIC = NO;
				GCC_NO_COMMON_BLOCKS = YES;
				GCC_OPTIMIZATION_LEVEL = 0;
				GCC_PREPROCESSOR_DEFINITIONS = (
					"DEBUG=1",
					"$(inherited)",
				);
				GCC_WARN_64_TO_32_BIT_CONVERSION = YES;
				GCC_WARN_ABOUT_RETURN_TYPE = YES_ERROR;
				GCC_WARN_UNDECLARED_SELECTOR = YES;
				GCC_WARN_UNINITIALIZED_AUTOS = YES_AGGRESSIVE;
				GCC_WARN_UNUSED_FUNCTION = YES;
				GCC_WARN_UNUSED_VARIABLE = YES;
				IPHONEOS_DEPLOYMENT_TARGET = 13.2;
				MTL_ENABLE_DEBUG_INFO = INCLUDE_SOURCE;
				MTL_FAST_MATH = YES;
				ONLY_ACTIVE_ARCH = YES;
				SDKROOT = iphoneos;
				SWIFT_ACTIVE_COMPILATION_CONDITIONS = DEBUG;
				SWIFT_OPTIMIZATION_LEVEL = "-Onone";
			};
			name = Debug;
		};
		F31DACAF2471A6BB0082BE4D /* Release */ = {
			isa = XCBuildConfiguration;
			buildSettings = {
				ALWAYS_SEARCH_USER_PATHS = NO;
				CLANG_ANALYZER_NONNULL = YES;
				CLANG_ANALYZER_NUMBER_OBJECT_CONVERSION = YES_AGGRESSIVE;
				CLANG_CXX_LANGUAGE_STANDARD = "gnu++14";
				CLANG_CXX_LIBRARY = "libc++";
				CLANG_ENABLE_MODULES = YES;
				CLANG_ENABLE_OBJC_ARC = YES;
				CLANG_ENABLE_OBJC_WEAK = YES;
				CLANG_WARN_BLOCK_CAPTURE_AUTORELEASING = YES;
				CLANG_WARN_BOOL_CONVERSION = YES;
				CLANG_WARN_COMMA = YES;
				CLANG_WARN_CONSTANT_CONVERSION = YES;
				CLANG_WARN_DEPRECATED_OBJC_IMPLEMENTATIONS = YES;
				CLANG_WARN_DIRECT_OBJC_ISA_USAGE = YES_ERROR;
				CLANG_WARN_DOCUMENTATION_COMMENTS = YES;
				CLANG_WARN_EMPTY_BODY = YES;
				CLANG_WARN_ENUM_CONVERSION = YES;
				CLANG_WARN_INFINITE_RECURSION = YES;
				CLANG_WARN_INT_CONVERSION = YES;
				CLANG_WARN_NON_LITERAL_NULL_CONVERSION = YES;
				CLANG_WARN_OBJC_IMPLICIT_RETAIN_SELF = YES;
				CLANG_WARN_OBJC_LITERAL_CONVERSION = YES;
				CLANG_WARN_OBJC_ROOT_CLASS = YES_ERROR;
				CLANG_WARN_RANGE_LOOP_ANALYSIS = YES;
				CLANG_WARN_STRICT_PROTOTYPES = YES;
				CLANG_WARN_SUSPICIOUS_MOVE = YES;
				CLANG_WARN_UNGUARDED_AVAILABILITY = YES_AGGRESSIVE;
				CLANG_WARN_UNREACHABLE_CODE = YES;
				CLANG_WARN__DUPLICATE_METHOD_MATCH = YES;
				COPY_PHASE_STRIP = NO;
				DEBUG_INFORMATION_FORMAT = "dwarf-with-dsym";
				ENABLE_NS_ASSERTIONS = NO;
				ENABLE_STRICT_OBJC_MSGSEND = YES;
				GCC_C_LANGUAGE_STANDARD = gnu11;
				GCC_NO_COMMON_BLOCKS = YES;
				GCC_WARN_64_TO_32_BIT_CONVERSION = YES;
				GCC_WARN_ABOUT_RETURN_TYPE = YES_ERROR;
				GCC_WARN_UNDECLARED_SELECTOR = YES;
				GCC_WARN_UNINITIALIZED_AUTOS = YES_AGGRESSIVE;
				GCC_WARN_UNUSED_FUNCTION = YES;
				GCC_WARN_UNUSED_VARIABLE = YES;
				IPHONEOS_DEPLOYMENT_TARGET = 13.2;
				MTL_ENABLE_DEBUG_INFO = NO;
				MTL_FAST_MATH = YES;
				SDKROOT = iphoneos;
				SWIFT_COMPILATION_MODE = wholemodule;
				SWIFT_OPTIMIZATION_LEVEL = "-O";
				VALIDATE_PRODUCT = YES;
			};
			name = Release;
		};
		F31DACB12471A6BB0082BE4D /* Debug */ = {
			isa = XCBuildConfiguration;
			baseConfigurationReference = E8E481E89C20A6956C04868A /* Pods-DatifySongBasedMatchApplicationIOS.debug.xcconfig */;
			buildSettings = {
				ASSETCATALOG_COMPILER_APPICON_NAME = AppIcon;
				CODE_SIGN_STYLE = Automatic;
				DEVELOPMENT_TEAM = 8W74NV283R;
				INFOPLIST_FILE = DatifySongBasedMatchApplicationIOS/Info.plist;
				LD_RUNPATH_SEARCH_PATHS = (
					"$(inherited)",
					"@executable_path/Frameworks",
				);
				PRODUCT_BUNDLE_IDENTIFIER = com.janfranco.DatifySongBasedMatchApplicationIOS;
				PRODUCT_NAME = "$(TARGET_NAME)";
				SWIFT_VERSION = 5.0;
				TARGETED_DEVICE_FAMILY = "1,2";
			};
			name = Debug;
		};
		F31DACB22471A6BB0082BE4D /* Release */ = {
			isa = XCBuildConfiguration;
			baseConfigurationReference = 2E5E851A5E9DECDDB2CE8640 /* Pods-DatifySongBasedMatchApplicationIOS.release.xcconfig */;
			buildSettings = {
				ASSETCATALOG_COMPILER_APPICON_NAME = AppIcon;
				CODE_SIGN_STYLE = Automatic;
				DEVELOPMENT_TEAM = 8W74NV283R;
				INFOPLIST_FILE = DatifySongBasedMatchApplicationIOS/Info.plist;
				LD_RUNPATH_SEARCH_PATHS = (
					"$(inherited)",
					"@executable_path/Frameworks",
				);
				PRODUCT_BUNDLE_IDENTIFIER = com.janfranco.DatifySongBasedMatchApplicationIOS;
				PRODUCT_NAME = "$(TARGET_NAME)";
				SWIFT_VERSION = 5.0;
				TARGETED_DEVICE_FAMILY = "1,2";
			};
			name = Release;
		};
/* End XCBuildConfiguration section */

/* Begin XCConfigurationList section */
		F31DAC972471A6B10082BE4D /* Build configuration list for PBXProject "DatifySongBasedMatchApplicationIOS" */ = {
			isa = XCConfigurationList;
			buildConfigurations = (
				F31DACAE2471A6BB0082BE4D /* Debug */,
				F31DACAF2471A6BB0082BE4D /* Release */,
			);
			defaultConfigurationIsVisible = 0;
			defaultConfigurationName = Release;
		};
		F31DACB02471A6BB0082BE4D /* Build configuration list for PBXNativeTarget "DatifySongBasedMatchApplicationIOS" */ = {
			isa = XCConfigurationList;
			buildConfigurations = (
				F31DACB12471A6BB0082BE4D /* Debug */,
				F31DACB22471A6BB0082BE4D /* Release */,
			);
			defaultConfigurationIsVisible = 0;
			defaultConfigurationName = Release;
		};
/* End XCConfigurationList section */
	};
	rootObject = F31DAC942471A6B10082BE4D /* Project object */;
}
